GIT
  remote: https://github.com/jquery-ui-rails/jquery-ui-rails.git
  revision: 413265e81f790f795239e07e7e25e01429b2f18d
  tag: v7.0.0
  specs:
    jquery-ui-rails (7.0.0)
      railties (>= 3.2.16)

GIT
  remote: https://github.com/rails/actionpack-action_caching.git
  revision: 05c821ec84eb79760e95b0a57ae72919eefb0257
  specs:
    actionpack-action_caching (1.2.2)
      actionpack (>= 4.0.0)

GIT
  remote: https://github.com/rails/rails-observers.git
  revision: 389b577322d8b17336730b2dc4e179060a23c8e7
  specs:
    rails-observers (0.2.0)
      activemodel (>= 4.2)

GIT
  remote: https://github.com/raszi/restful-authentication.git
  revision: 0f7d50512bf47a63e53ea05cd5a7b2161732448f
  branch: rails4
  specs:
    restful-authentication (2.0.0.beta1)

GIT
  remote: https://github.com/shanti-uva/dictionary_to_terms.git
  revision: e10acf5e2b8ce11b3fc5595bde0d5b8bfc958809
  tag: v0.4.5
  specs:
    dictionary_to_terms (0.4.5)
      rails

GIT
  remote: https://github.com/shanti-uva/ffi-icu.git
  revision: 7ed5cb0bf5877e13fa4d8de5caeb34aeb3bf5420
  tag: v0.5.4
  specs:
    ffi-icu (0.5.4)
      bigdecimal (~> 3.1)
      ffi (~> 1.0, >= 1.0.9)
      stringio (~> 3.0)

GIT
  remote: https://github.com/shanti-uva/flare.git
  revision: 231faac4e052b88ec75c250d9cfabd6bb1006c34
  tag: v1.5.0
  specs:
    flare (1.5.0)
      activeresource
      daemons
      delayed_job_active_record
      faraday
      pg
      rails
      rsolr (~> 2.0.0.pre3)

GIT
  remote: https://github.com/shanti-uva/kmaps_engine.git
  revision: 267cd854ce5654e481812de32fc7ad24c252703a
  tag: v7.0.1
  specs:
    kmaps_engine (7.0.1)
      annotate
      bootsnap
      delayed_job_active_record
      exception_notification
      hpricot
      jbuilder
      memcache-client
      pg
      puma
      rails
      will_paginate

GIT
  remote: https://github.com/shanti-uva/resource_controller.git
  revision: 02235ef086dd844ea0b32971bf515083d43fbe77
  tag: v0.9.6
  specs:
    resource_controller (0.9.6)

GIT
  remote: https://github.com/shanti-uva/shanti_integration.git
  revision: 2c443f408896374cae34048ca60c22e3dace77d6
  tag: v3.6.9
  specs:
    shanti_integration (3.6.9)
      rails

GIT
  remote: https://github.com/shanti-uva/subjects_integration.git
  revision: fccb08b1938730b1970c84c0920a562b67ec4c22
  tag: v0.3.6
  specs:
    subjects_integration (0.3.6)
      pg
      rails

GIT
  remote: https://github.com/shanti-uva/terms_engine.git
  revision: 60d0a9f6bd5a3ace7660251e286fdd56aa5180d7
  tag: v2.0.7
  specs:
    terms_engine (2.0.7)
      ruby-openai
      sprockets-rails

GIT
  remote: https://github.com/thl/active_resource_extensions.git
  revision: 0c619e071c65ae228ad11a231f6e4200ed656a24
  tag: v2.2.9
  specs:
    active_resource_extensions (2.2.9)
      activeresource
      rails

GIT
  remote: https://github.com/thl/acts_as_family_tree.git
  revision: a19f1e8771e0a4e29a5b7601b6b3e048fa2dfe42
  tag: v1.3.2
  specs:
    acts_as_family_tree (1.3.2)
      delayed_job_active_record
      rails

GIT
  remote: https://github.com/thl/authenticated_system.git
  revision: 0abea67d1e6fc21d1d7cc6edc8b95d1e7ee749b6
  tag: v2.5.6
  specs:
    authenticated_system (2.5.6)
      bcrypt (~> 3.1)
      rails

GIT
  remote: https://github.com/thl/complex_dates.git
  revision: 4aadcaee21f3aab9202518815e740915a221c2bb
  tag: v2.4.5
  specs:
    complex_dates (2.4.5)
      pg
      rails

GIT
  remote: https://github.com/thl/complex_scripts.git
  revision: f9ff6b49485456bd0bb43b9d409d62cbbd66b5f6
  tag: v3.2.8
  specs:
    complex_scripts (3.2.8)
      hpricot
      rails

GIT
  remote: https://github.com/thl/interface_utils.git
  revision: a42303056fe2918e0d594721f205beb963adeae6
  tag: v2.4.8
  specs:
    interface_utils (2.4.8)
      rails

GIT
  remote: https://github.com/thl/mms_integration.git
  revision: 251d1b36690694ffa960fcd4ca664cb5e56a71ae
  tag: v2.4.8
  specs:
    mms_integration (2.4.8)
      rails (>= 4.0)

GIT
  remote: https://github.com/thl/places_integration.git
  revision: 6140765302bbd9bd4ea2592fa6e1856f08c56805
  tag: v2.3.0
  specs:
    places_integration (2.3.0)
      rails

GIT
  remote: https://github.com/thl/universal_navigation.git
  revision: b04003626a1d60ba1b46ab23b75c165dd5cb48b0
  tag: v3.1.7
  specs:
    universal_navigation (3.1.7)
      rails

GIT
  remote: https://github.com/ycorredius/hpricot.git
  revision: 1eb086570a56514348a35402df0199d7652fd169
  specs:
    hpricot (0.8.7)

GEM
  remote: https://rubygems.org/
  specs:
    actioncable (8.0.4)
      actionpack (= 8.0.4)
      activesupport (= 8.0.4)
      nio4r (~> 2.0)
      websocket-driver (>= 0.6.1)
      zeitwerk (~> 2.6)
    actionmailbox (8.0.4)
      actionpack (= 8.0.4)
      activejob (= 8.0.4)
      activerecord (= 8.0.4)
      activestorage (= 8.0.4)
      activesupport (= 8.0.4)
      mail (>= 2.8.0)
    actionmailer (8.0.4)
      actionpack (= 8.0.4)
      actionview (= 8.0.4)
      activejob (= 8.0.4)
      activesupport (= 8.0.4)
      mail (>= 2.8.0)
      rails-dom-testing (~> 2.2)
    actionpack (8.0.4)
      actionview (= 8.0.4)
      activesupport (= 8.0.4)
      nokogiri (>= 1.8.5)
      rack (>= 2.2.4)
      rack-session (>= 1.0.1)
      rack-test (>= 0.6.3)
      rails-dom-testing (~> 2.2)
      rails-html-sanitizer (~> 1.6)
      useragent (~> 0.16)
    actionpack-page_caching (1.2.4)
      actionpack (>= 4.0.0)
    actiontext (8.0.4)
      actionpack (= 8.0.4)
      activerecord (= 8.0.4)
      activestorage (= 8.0.4)
      activesupport (= 8.0.4)
      globalid (>= 0.6.0)
      nokogiri (>= 1.8.5)
    actionview (8.0.4)
      activesupport (= 8.0.4)
      builder (~> 3.1)
      erubi (~> 1.11)
      rails-dom-testing (~> 2.2)
      rails-html-sanitizer (~> 1.6)
    activejob (8.0.4)
      activesupport (= 8.0.4)
      globalid (>= 0.3.6)
    activemodel (8.0.4)
      activesupport (= 8.0.4)
    activemodel-serializers-xml (1.0.3)
      activemodel (>= 5.0.0.a)
      activesupport (>= 5.0.0.a)
      builder (~> 3.1)
    activerecord (8.0.4)
      activemodel (= 8.0.4)
      activesupport (= 8.0.4)
      timeout (>= 0.4.0)
    activeresource (6.2.0)
      activemodel (>= 7.0)
      activemodel-serializers-xml (~> 1.0)
      activesupport (>= 7.0)
    activestorage (8.0.4)
      actionpack (= 8.0.4)
      activejob (= 8.0.4)
      activerecord (= 8.0.4)
      activesupport (= 8.0.4)
      marcel (~> 1.0)
    activesupport (8.0.4)
      base64
      benchmark (>= 0.3)
      bigdecimal
      concurrent-ruby (~> 1.0, >= 1.3.1)
      connection_pool (>= 2.2.5)
      drb
      i18n (>= 1.6, < 2)
      logger (>= 1.4.2)
      minitest (>= 5.1)
      securerandom (>= 0.3)
      tzinfo (~> 2.0, >= 2.0.5)
      uri (>= 0.13.1)
    addressable (2.8.8)
      public_suffix (>= 2.0.2, < 8.0)
    annotate (2.6.5)
      activerecord (>= 2.3.0)
      rake (>= 0.8.7)
    autoprefixer-rails (10.4.21.0)
      execjs (~> 2)
    base64 (0.3.0)
    bcrypt (3.1.21)
    benchmark (0.5.0)
    bigdecimal (3.3.1)
    bindex (0.8.1)
    bootsnap (1.20.1)
      msgpack (~> 1.2)
    bootstrap-sass (3.4.1)
      autoprefixer-rails (>= 5.2.1)
      sassc (>= 2.0.0)
    builder (3.3.0)
    capybara (3.40.0)
      addressable
      matrix
      mini_mime (>= 0.1.3)
      nokogiri (~> 1.11)
      rack (>= 1.6.0)
      rack-test (>= 0.6.3)
      regexp_parser (>= 1.5, < 3.0)
      xpath (~> 3.2)
    concurrent-ruby (1.3.6)
    connection_pool (3.0.2)
    crass (1.0.6)
    daemons (1.4.1)
    date (3.5.1)
    debug (1.11.1)
      irb (~> 1.10)
      reline (>= 0.3.8)
    delayed_job (4.2.0)
      activesupport (>= 3.0, < 9.0)
      benchmark
      logger
    delayed_job_active_record (4.1.11)
      activerecord (>= 3.0, < 9.0)
      delayed_job (>= 3.0, < 5)
    drb (2.2.3)
    dynamic_form (1.3.1)
      actionview (> 5.2.0)
      activemodel (> 5.2.0)
    erb (6.0.1)
    erubi (1.13.1)
    event_stream_parser (1.0.0)
    exception_notification (5.0.1)
      actionmailer (>= 7.1, < 9)
      activesupport (>= 7.1, < 9)
    execjs (2.10.0)
    faraday (2.14.0)
      faraday-net_http (>= 2.0, < 3.5)
      json
      logger
    faraday-multipart (1.2.0)
      multipart-post (~> 2.0)
    faraday-net_http (3.4.2)
      net-http (~> 0.5)
    ffi (1.17.3)
    ffi (1.17.3-aarch64-linux-musl)
    ffi (1.17.3-arm64-darwin)
    ffi (1.17.3-x86_64-linux-musl)
    globalid (1.3.0)
      activesupport (>= 6.1)
    i18n (1.14.8)
      concurrent-ruby (~> 1.0)
    io-console (0.8.2)
    irb (1.16.0)
      pp (>= 0.6.0)
      rdoc (>= 4.0.0)
      reline (>= 0.4.2)
    jbuilder (2.14.1)
      actionview (>= 7.0.0)
      activesupport (>= 7.0.0)
    jquery-rails (4.6.1)
      rails-dom-testing (>= 1, < 3)
      railties (>= 4.2.0)
      thor (>= 0.14, < 2.0)
    json (2.18.0)
    logger (1.7.0)
    loofah (2.25.0)
      crass (~> 1.0.2)
      nokogiri (>= 1.12.0)
    mail (2.9.0)
      logger
      mini_mime (>= 0.1.1)
      net-imap
      net-pop
      net-smtp
    marcel (1.1.0)
    matrix (0.4.3)
    memcache-client (1.8.5)
    mini_mime (1.1.5)
    mini_portile2 (2.8.9)
    minitest (6.0.1)
      prism (~> 1.5)
    msgpack (1.8.0)
    multipart-post (2.4.1)
    net-http (0.9.1)
      uri (>= 0.11.1)
    net-imap (0.6.2)
      date
      net-protocol
    net-pop (0.1.2)
      net-protocol
    net-protocol (0.2.2)
      timeout
    net-smtp (0.5.1)
      net-protocol
    newrelic_rpm (9.24.0)
    nio4r (2.7.5)
    nokogiri (1.19.0)
      mini_portile2 (~> 2.8.2)
      racc (~> 1.4)
    nokogiri (1.19.0-aarch64-linux-musl)
      racc (~> 1.4)
    nokogiri (1.19.0-arm64-darwin)
      racc (~> 1.4)
    nokogiri (1.19.0-x86_64-linux-musl)
      racc (~> 1.4)
    package_json (0.2.0)
    pg (1.5.9)
    pp (0.6.3)
      prettyprint
    prettyprint (0.2.0)
    prism (1.7.0)
    psych (5.3.1)
      date
      stringio
    public_suffix (7.0.2)
    puma (7.1.0)
      nio4r (~> 2.0)
    racc (1.8.1)
    rack (3.2.4)
    rack-openid (1.4.2)
      rack (>= 1.1.0)
      ruby-openid (>= 2.1.8)
    rack-proxy (0.7.7)
      rack
    rack-session (2.1.1)
      base64 (>= 0.1.0)
      rack (>= 3.0.0)
    rack-test (2.2.0)
      rack (>= 1.3)
    rackup (2.3.1)
      rack (>= 3)
    rails (8.0.4)
      actioncable (= 8.0.4)
      actionmailbox (= 8.0.4)
      actionmailer (= 8.0.4)
      actionpack (= 8.0.4)
      actiontext (= 8.0.4)
      actionview (= 8.0.4)
      activejob (= 8.0.4)
      activemodel (= 8.0.4)
      activerecord (= 8.0.4)
      activestorage (= 8.0.4)
      activesupport (= 8.0.4)
      bundler (>= 1.15.0)
      railties (= 8.0.4)
    rails-dom-testing (2.3.0)
      activesupport (>= 5.0.0)
      minitest
      nokogiri (>= 1.6)
    rails-html-sanitizer (1.6.2)
      loofah (~> 2.21)
      nokogiri (>= 1.15.7, != 1.16.7, != 1.16.6, != 1.16.5, != 1.16.4, != 1.16.3, != 1.16.2, != 1.16.1, != 1.16.0.rc1, != 1.16.0)
    railties (8.0.4)
      actionpack (= 8.0.4)
      activesupport (= 8.0.4)
      irb (~> 1.13)
      rackup (>= 1.0.0)
      rake (>= 12.2)
      thor (~> 1.0, >= 1.2.2)
      tsort (>= 0.2)
      zeitwerk (~> 2.6)
    rake (13.3.1)
    rdoc (7.0.3)
      erb
      psych (>= 4.0.0)
      tsort
    regexp_parser (2.11.3)
    reline (0.6.3)
      io-console (~> 0.5)
    rexml (3.4.4)
    rsolr (2.0.2)
      builder (>= 2.1.2)
      faraday
    ruby-openai (8.3.0)
      event_stream_parser (>= 0.3.0, < 2.0.0)
      faraday (>= 1)
      faraday-multipart (>= 1)
    ruby-openid (2.9.2)
    rubyzip (2.4.1)
    sass-rails (6.0.0)
      sassc-rails (~> 2.1, >= 2.1.1)
    sassc (2.4.0)
      ffi (~> 1.9)
    sassc-rails (2.1.2)
      railties (>= 4.0.0)
      sassc (>= 2.0)
      sprockets (> 3.0)
      sprockets-rails
      tilt
    securerandom (0.4.1)
    selenium-webdriver (4.10.0)
      rexml (~> 3.2, >= 3.2.5)
      rubyzip (>= 1.2.2, < 3.0)
      websocket (~> 1.0)
    semantic_range (3.1.0)
    shakapacker (9.5.0)
      activesupport (>= 5.2)
      package_json
      rack-proxy (>= 0.6.1)
      railties (>= 5.2)
      semantic_range (>= 2.3.0)
    spawnling (2.1.6)
    sprockets (4.2.2)
      concurrent-ruby (~> 1.0)
      logger
      rack (>= 2.2.4, < 4)
    sprockets-rails (3.5.2)
      actionpack (>= 6.1)
      activesupport (>= 6.1)
      sprockets (>= 3.0.0)
    stringio (3.2.0)
    thor (1.5.0)
    tilt (2.7.0)
    timeout (0.6.0)
    tinymce-rails (8.3.1)
      railties (>= 3.1.1)
    tsort (0.2.0)
    tzinfo (2.0.6)
      concurrent-ruby (~> 1.0)
    uri (1.1.1)
    useragent (0.16.11)
    web-console (4.2.1)
      actionview (>= 6.0.0)
      activemodel (>= 6.0.0)
      bindex (>= 0.4.0)
      railties (>= 6.0.0)
    webdrivers (5.3.1)
      nokogiri (~> 1.6)
      rubyzip (>= 1.3.0)
      selenium-webdriver (~> 4.0, < 4.11)
    websocket (1.2.11)
    websocket-driver (0.8.0)
      base64
      websocket-extensions (>= 0.1.0)
    websocket-extensions (0.1.5)
    will_paginate (4.0.1)
    xpath (3.2.0)
      nokogiri (~> 1.8)
    zeitwerk (2.7.4)

PLATFORMS
  aarch64-linux-musl
  arm64-darwin
  ruby
  x86_64-linux-musl

DEPENDENCIES
  actionpack-action_caching!
  actionpack-page_caching
  active_resource_extensions (= 2.2.9)!
  activeresource
  acts_as_family_tree (= 1.3.2)!
  annotate
  authenticated_system (= 2.5.6)!
  bootstrap-sass
  capybara
  complex_dates (= 2.4.5)!
  complex_scripts (= 3.2.8)!
  debug
  delayed_job_active_record
  dictionary_to_terms (= 0.4.5)!
  dynamic_form
  ffi-icu (= 0.5.4)!
  flare (= 1.5.0)!
  hpricot!
  interface_utils (= 2.4.8)!
  jquery-rails
  jquery-ui-rails (= 7.0.0)!
  kmaps_engine (= 7.0.1)!
  mms_integration (= 2.4.8)!
  newrelic_rpm
  pg (= 1.5.9)
  places_integration (= 2.3.0)!
  rack-openid
  rails (~> 8.0.2)
  rails-observers!
  resource_controller (= 0.9.6)!
  restful-authentication (= 2.0.0.beta1)!
  sass-rails
  selenium-webdriver
  shakapacker (>= 9.5.0)
  shanti_integration (= 3.6.9)!
  spawnling
  subjects_integration (= 0.3.6)!
  terms_engine (= 2.0.7)!
  tinymce-rails
  tzinfo-data
  universal_navigation (= 3.1.7)!
  web-console
  webdrivers
  will_paginate

RUBY VERSION
   ruby 3.2.2p53

BUNDLED WITH
   2.4.21
